Microsoft Visual Studio Solution File, Format Version 12.00
# Visual Studio 2012
Project("{FAE04EC0-301F-11D3-BF4B-00C04F79EFBC}") = "Radil Ranger", "Radil Ranger.csproj", "{F70EE7C9-92D1-4283-B9B3-B8A45A9F7D46}"
EndProject
Global
	GlobalSection(SolutionConfigurationPlatforms) = preSolution
	Debug|Any CPU = Debug|Any CPU
	ExportDebug|Any CPU = ExportDebug|Any CPU
	ExportRelease|Any CPU = ExportRelease|Any CPU
	EndGlobalSection
	GlobalSection(ProjectConfigurationPlatforms) = postSolution
		{F70EE7C9-92D1-4283-B9B3-B8A45A9F7D46}.Debug|Any CPU.ActiveCfg = Debug|Any CPU
		{F70EE7C9-92D1-4283-B9B3-B8A45A9F7D46}.Debug|Any CPU.Build.0 = Debug|Any CPU
		{F70EE7C9-92D1-4283-B9B3-B8A45A9F7D46}.ExportDebug|Any CPU.ActiveCfg = ExportDebug|Any CPU
		{F70EE7C9-92D1-4283-B9B3-B8A45A9F7D46}.ExportDebug|Any CPU.Build.0 = ExportDebug|Any CPU
		{F70EE7C9-92D1-4283-B9B3-B8A45A9F7D46}.ExportRelease|Any CPU.ActiveCfg = ExportRelease|Any CPU
		{F70EE7C9-92D1-4283-B9B3-B8A45A9F7D46}.ExportRelease|Any CPU.Build.0 = ExportRelease|Any CPU
	EndGlobalSection
EndGlobal
